<?xml version="1.0" encoding="utf-8"?>
<Project ToolsVersion="4.0" xmlns="http://schemas.microsoft.com/developer/msbuild/2003">
  <ItemGroup>
    <Filter Include="Source">
      <UniqueIdentifier>{6666a7c3-d38d-4d4f-80d2-803ad67fc62e}</UniqueIdentifier>
    </Filter>
    <Filter Include="Include">
      <UniqueIdentifier>{8cfa1d29-5ca8-4cd6-b944-1e9ba0922a17}</UniqueIdentifier>
    </Filter>
  </ItemGroup>
  <ItemGroup>
    <None Include="PySampleExt.Targets" />
  </ItemGroup>
  <ItemGroup>
    <ClCompile Include="PySampleExt.cpp">
      <Filter>Source</Filter>
    </ClCompile>
  </ItemGroup>
</Project>